// !$*UTF8*$!
{
	archiveVersion = 1;
	classes = {
	};
	objectVersion = 56;
	objects = {

/* Begin PBXBuildFile section */
		952B2B2729CB5B58004A73F7 /* Meeting_SpeechRecording.swift in Sources */ = {isa = PBXBuildFile; fileRef = 952B2B2629CB5B58004A73F7 /* Meeting_SpeechRecording.swift */; };
		952B2B2929CB7483004A73F7 /* ScrumDetail_Managed.swift in Sources */ = {isa = PBXBuildFile; fileRef = 952B2B2829CB7483004A73F7 /* ScrumDetail_Managed.swift */; };
		952B2B2C29CB7EDF004A73F7 /* ScrumService.swift in Sources */ = {isa = PBXBuildFile; fileRef = 952B2B2B29CB7EDF004A73F7 /* ScrumService.swift */; };
		952B2B2E29CB7EE8004A73F7 /* InMemoryScrumService.swift in Sources */ = {isa = PBXBuildFile; fileRef = 952B2B2D29CB7EE8004A73F7 /* InMemoryScrumService.swift */; };
		952B2B3029CB7EEE004A73F7 /* OnDiskScrumService.swift in Sources */ = {isa = PBXBuildFile; fileRef = 952B2B2F29CB7EEE004A73F7 /* OnDiskScrumService.swift */; };
		955E512F29CAE86B00202BBA /* ScrumStore.swift in Sources */ = {isa = PBXBuildFile; fileRef = 955E512E29CAE86B00202BBA /* ScrumStore.swift */; };
		955E513129CB1B1200202BBA /* AVPlayer+Ding.swift in Sources */ = {isa = PBXBuildFile; fileRef = 955E513029CB1B1200202BBA /* AVPlayer+Ding.swift */; };
		955E513329CB1B1E00202BBA /* ding.wav in Resources */ = {isa = PBXBuildFile; fileRef = 955E513229CB1B1E00202BBA /* ding.wav */; };
		955E513529CB1D1400202BBA /* SpeechRecognizer.swift in Sources */ = {isa = PBXBuildFile; fileRef = 955E513429CB1D1400202BBA /* SpeechRecognizer.swift */; };
		955E513729CB416700202BBA /* Strings.swift in Sources */ = {isa = PBXBuildFile; fileRef = 955E513629CB416700202BBA /* Strings.swift */; };
		95602F0F29C8DA42008EB800 /* ScrumDetail.swift in Sources */ = {isa = PBXBuildFile; fileRef = 95602F0E29C8DA42008EB800 /* ScrumDetail.swift */; };
		95602F1129C8DB13008EB800 /* ScrumList.swift in Sources */ = {isa = PBXBuildFile; fileRef = 95602F1029C8DB13008EB800 /* ScrumList.swift */; };
		95602F1329C8DC8C008EB800 /* ScrumList_All.swift in Sources */ = {isa = PBXBuildFile; fileRef = 95602F1229C8DC8C008EB800 /* ScrumList_All.swift */; };
		95602F1529C8DDC0008EB800 /* DailyScrum+Speaker.swift in Sources */ = {isa = PBXBuildFile; fileRef = 95602F1429C8DDC0008EB800 /* DailyScrum+Speaker.swift */; };
		95602F1729C8DDDC008EB800 /* Root.swift in Sources */ = {isa = PBXBuildFile; fileRef = 95602F1629C8DDDC008EB800 /* Root.swift */; };
		95602F1929C8DF9B008EB800 /* HistoryDetail.swift in Sources */ = {isa = PBXBuildFile; fileRef = 95602F1829C8DF9B008EB800 /* HistoryDetail.swift */; };
		95602F1B29C8E240008EB800 /* EditScrum.swift in Sources */ = {isa = PBXBuildFile; fileRef = 95602F1A29C8E240008EB800 /* EditScrum.swift */; };
		95868C7529C851C6001F8629 /* ScrumdingerApp.swift in Sources */ = {isa = PBXBuildFile; fileRef = 95868C7429C851C6001F8629 /* ScrumdingerApp.swift */; };
		95868C7C29C851C7001F8629 /* Preview Assets.xcassets in Resources */ = {isa = PBXBuildFile; fileRef = 95868C7B29C851C7001F8629 /* Preview Assets.xcassets */; };
		95868C8429C851E8001F8629 /* PreviewDebugTools in Frameworks */ = {isa = PBXBuildFile; productRef = 95868C8329C851E8001F8629 /* PreviewDebugTools */; };
		95868C8629C851E8001F8629 /* Puddles in Frameworks */ = {isa = PBXBuildFile; productRef = 95868C8529C851E8001F8629 /* Puddles */; };
		95868C8929C851F2001F8629 /* IdentifiedCollections in Frameworks */ = {isa = PBXBuildFile; productRef = 95868C8829C851F2001F8629 /* IdentifiedCollections */; };
		95868C8C29C851FB001F8629 /* Fakery in Frameworks */ = {isa = PBXBuildFile; productRef = 95868C8B29C851FB001F8629 /* Fakery */; };
		95868C9B29C85268001F8629 /* swiftgen-assets.yml in Resources */ = {isa = PBXBuildFile; fileRef = 95868C9429C85268001F8629 /* swiftgen-assets.yml */; };
		95868C9C29C85268001F8629 /* swiftgen-assets-template.stencil in Resources */ = {isa = PBXBuildFile; fileRef = 95868C9529C85268001F8629 /* swiftgen-assets-template.stencil */; };
		95868C9E29C85268001F8629 /* swiftgen-localization.yml in Resources */ = {isa = PBXBuildFile; fileRef = 95868C9829C85268001F8629 /* swiftgen-localization.yml */; };
		95868C9F29C85268001F8629 /* Localizable.strings in Resources */ = {isa = PBXBuildFile; fileRef = 95868C9929C85268001F8629 /* Localizable.strings */; };
		95868CA029C85268001F8629 /* swiftgen-localization-template.stencil in Resources */ = {isa = PBXBuildFile; fileRef = 95868C9A29C85268001F8629 /* swiftgen-localization-template.stencil */; };
		95868CA229C852A4001F8629 /* Faker.swift in Sources */ = {isa = PBXBuildFile; fileRef = 95868CA129C852A4001F8629 /* Faker.swift */; };
		95868CA729C852B9001F8629 /* Array+repeating.swift in Sources */ = {isa = PBXBuildFile; fileRef = 95868CA329C852B9001F8629 /* Array+repeating.swift */; };
		95868CA829C852B9001F8629 /* LoadingState.swift in Sources */ = {isa = PBXBuildFile; fileRef = 95868CA429C852B9001F8629 /* LoadingState.swift */; };
		95868CA929C852B9001F8629 /* Error+Extension.swift in Sources */ = {isa = PBXBuildFile; fileRef = 95868CA529C852B9001F8629 /* Error+Extension.swift */; };
		95868CAA29C852B9001F8629 /* Color.swift in Sources */ = {isa = PBXBuildFile; fileRef = 95868CA629C852B9001F8629 /* Color.swift */; };
		95868CAD29C8557D001F8629 /* EditScrumView.swift in Sources */ = {isa = PBXBuildFile; fileRef = 95868CAC29C8557D001F8629 /* EditScrumView.swift */; };
		95868CB129C857A9001F8629 /* Assets.swift in Sources */ = {isa = PBXBuildFile; fileRef = 95868CAF29C857A9001F8629 /* Assets.swift */; };
		95868CB529C85C1D001F8629 /* Theme.swift in Sources */ = {isa = PBXBuildFile; fileRef = 95868CB429C85C1D001F8629 /* Theme.swift */; };
		95868CB929C85FE7001F8629 /* ScrumListView.swift in Sources */ = {isa = PBXBuildFile; fileRef = 95868CB829C85FE7001F8629 /* ScrumListView.swift */; };
		95868CBD29C8609B001F8629 /* ACKNOWLEDGMENTS.txt in Resources */ = {isa = PBXBuildFile; fileRef = 95868CBB29C8609B001F8629 /* ACKNOWLEDGMENTS.txt */; };
		95868CBE29C8609B001F8629 /* LICENSE.txt in Resources */ = {isa = PBXBuildFile; fileRef = 95868CBC29C8609B001F8629 /* LICENSE.txt */; };
		95868CC029C860B0001F8629 /* DailyScrum.swift in Sources */ = {isa = PBXBuildFile; fileRef = 95868CBF29C860B0001F8629 /* DailyScrum.swift */; };
		95868CC229C86118001F8629 /* History.swift in Sources */ = {isa = PBXBuildFile; fileRef = 95868CC129C86118001F8629 /* History.swift */; };
		95868CC529C8636D001F8629 /* CardView.swift in Sources */ = {isa = PBXBuildFile; fileRef = 95868CC429C8636D001F8629 /* CardView.swift */; };
		95868CC729C863A5001F8629 /* TrailingIconLabelStyle.swift in Sources */ = {isa = PBXBuildFile; fileRef = 95868CC629C863A5001F8629 /* TrailingIconLabelStyle.swift */; };
		95C154B029C8688300224B4B /* ScrumDetailView.swift in Sources */ = {isa = PBXBuildFile; fileRef = 95C154AF29C8688300224B4B /* ScrumDetailView.swift */; };
		95C154B229C86A4700224B4B /* DisclosureItem.swift in Sources */ = {isa = PBXBuildFile; fileRef = 95C154B129C86A4700224B4B /* DisclosureItem.swift */; };
		95C154B429C86B6A00224B4B /* HistoryDetailView.swift in Sources */ = {isa = PBXBuildFile; fileRef = 95C154B329C86B6A00224B4B /* HistoryDetailView.swift */; };
		95C154B729C86C7300224B4B /* Assets.xcassets in Resources */ = {isa = PBXBuildFile; fileRef = 95C154B629C86C7300224B4B /* Assets.xcassets */; };
		95C154B929C87BAB00224B4B /* MeetingView.swift in Sources */ = {isa = PBXBuildFile; fileRef = 95C154B829C87BAB00224B4B /* MeetingView.swift */; };
		95C154BD29C87D7900224B4B /* MeetingHeaderView.swift in Sources */ = {isa = PBXBuildFile; fileRef = 95C154BA29C87D7900224B4B /* MeetingHeaderView.swift */; };
		95C154BE29C87D7900224B4B /* MeetingFooterView.swift in Sources */ = {isa = PBXBuildFile; fileRef = 95C154BB29C87D7900224B4B /* MeetingFooterView.swift */; };
		95C154BF29C87D7900224B4B /* MeetingTimerView.swift in Sources */ = {isa = PBXBuildFile; fileRef = 95C154BC29C87D7900224B4B /* MeetingTimerView.swift */; };
		95C154C129C87DA600224B4B /* ScrumProgressViewStyle.swift in Sources */ = {isa = PBXBuildFile; fileRef = 95C154C029C87DA600224B4B /* ScrumProgressViewStyle.swift */; };
		95C154C529C87DFF00224B4B /* SpeakerArc.swift in Sources */ = {isa = PBXBuildFile; fileRef = 95C154C429C87DFF00224B4B /* SpeakerArc.swift */; };
		95C154C929C8875200224B4B /* Meeting.swift in Sources */ = {isa = PBXBuildFile; fileRef = 95C154C829C8875200224B4B /* Meeting.swift */; };
/* End PBXBuildFile section */

/* Begin PBXFileReference section */
		952B2B2629CB5B58004A73F7 /* Meeting_SpeechRecording.swift */ = {isa = PBXFileReference; lastKnownFileType = sourcecode.swift; path = Meeting_SpeechRecording.swift; sourceTree = "<group>"; };
		952B2B2829CB7483004A73F7 /* ScrumDetail_Managed.swift */ = {isa = PBXFileReference; lastKnownFileType = sourcecode.swift; path = ScrumDetail_Managed.swift; sourceTree = "<group>"; };
		952B2B2B29CB7EDF004A73F7 /* ScrumService.swift */ = {isa = PBXFileReference; lastKnownFileType = sourcecode.swift; path = ScrumService.swift; sourceTree = "<group>"; };
		952B2B2D29CB7EE8004A73F7 /* InMemoryScrumService.swift */ = {isa = PBXFileReference; lastKnownFileType = sourcecode.swift; path = InMemoryScrumService.swift; sourceTree = "<group>"; };
		952B2B2F29CB7EEE004A73F7 /* OnDiskScrumService.swift */ = {isa = PBXFileReference; lastKnownFileType = sourcecode.swift; path = OnDiskScrumService.swift; sourceTree = "<group>"; };
		955E512E29CAE86B00202BBA /* ScrumStore.swift */ = {isa = PBXFileReference; lastKnownFileType = sourcecode.swift; path = ScrumStore.swift; sourceTree = "<group>"; };
		955E513029CB1B1200202BBA /* AVPlayer+Ding.swift */ = {isa = PBXFileReference; fileEncoding = 4; lastKnownFileType = sourcecode.swift; path = "AVPlayer+Ding.swift"; sourceTree = "<group>"; };
		955E513229CB1B1E00202BBA /* ding.wav */ = {isa = PBXFileReference; lastKnownFileType = audio.wav; path = ding.wav; sourceTree = "<group>"; };
		955E513429CB1D1400202BBA /* SpeechRecognizer.swift */ = {isa = PBXFileReference; fileEncoding = 4; lastKnownFileType = sourcecode.swift; path = SpeechRecognizer.swift; sourceTree = "<group>"; };
		955E513629CB416700202BBA /* Strings.swift */ = {isa = PBXFileReference; fileEncoding = 4; lastKnownFileType = sourcecode.swift; path = Strings.swift; sourceTree = "<group>"; };
		95602F0E29C8DA42008EB800 /* ScrumDetail.swift */ = {isa = PBXFileReference; lastKnownFileType = sourcecode.swift; path = ScrumDetail.swift; sourceTree = "<group>"; };
		95602F1029C8DB13008EB800 /* ScrumList.swift */ = {isa = PBXFileReference; lastKnownFileType = sourcecode.swift; path = ScrumList.swift; sourceTree = "<group>"; };
		95602F1229C8DC8C008EB800 /* ScrumList_All.swift */ = {isa = PBXFileReference; lastKnownFileType = sourcecode.swift; path = ScrumList_All.swift; sourceTree = "<group>"; };
		95602F1429C8DDC0008EB800 /* DailyScrum+Speaker.swift */ = {isa = PBXFileReference; lastKnownFileType = sourcecode.swift; path = "DailyScrum+Speaker.swift"; sourceTree = "<group>"; };
		95602F1629C8DDDC008EB800 /* Root.swift */ = {isa = PBXFileReference; lastKnownFileType = sourcecode.swift; path = Root.swift; sourceTree = "<group>"; };
		95602F1829C8DF9B008EB800 /* HistoryDetail.swift */ = {isa = PBXFileReference; lastKnownFileType = sourcecode.swift; path = HistoryDetail.swift; sourceTree = "<group>"; };
		95602F1A29C8E240008EB800 /* EditScrum.swift */ = {isa = PBXFileReference; lastKnownFileType = sourcecode.swift; path = EditScrum.swift; sourceTree = "<group>"; };
		95868C7129C851C6001F8629 /* Scrumdinger.app */ = {isa = PBXFileReference; explicitFileType = wrapper.application; includeInIndex = 0; path = Scrumdinger.app; sourceTree = BUILT_PRODUCTS_DIR; };
		95868C7429C851C6001F8629 /* ScrumdingerApp.swift */ = {isa = PBXFileReference; lastKnownFileType = sourcecode.swift; path = ScrumdingerApp.swift; sourceTree = "<group>"; };
		95868C7B29C851C7001F8629 /* Preview Assets.xcassets */ = {isa = PBXFileReference; lastKnownFileType = folder.assetcatalog; path = "Preview Assets.xcassets"; sourceTree = "<group>"; };
		95868C9429C85268001F8629 /* swiftgen-assets.yml */ = {isa = PBXFileReference; fileEncoding = 4; lastKnownFileType = text.yaml; path = "swiftgen-assets.yml"; sourceTree = "<group>"; };
		95868C9529C85268001F8629 /* swiftgen-assets-template.stencil */ = {isa = PBXFileReference; fileEncoding = 4; lastKnownFileType = text; path = "swiftgen-assets-template.stencil"; sourceTree = "<group>"; };
		95868C9829C85268001F8629 /* swiftgen-localization.yml */ = {isa = PBXFileReference; fileEncoding = 4; lastKnownFileType = text.yaml; path = "swiftgen-localization.yml"; sourceTree = "<group>"; };
		95868C9929C85268001F8629 /* Localizable.strings */ = {isa = PBXFileReference; fileEncoding = 4; lastKnownFileType = text.plist.strings; path = Localizable.strings; sourceTree = "<group>"; };
		95868C9A29C85268001F8629 /* swiftgen-localization-template.stencil */ = {isa = PBXFileReference; fileEncoding = 4; lastKnownFileType = text; path = "swiftgen-localization-template.stencil"; sourceTree = "<group>"; };
		95868CA129C852A4001F8629 /* Faker.swift */ = {isa = PBXFileReference; fileEncoding = 4; lastKnownFileType = sourcecode.swift; path = Faker.swift; sourceTree = "<group>"; };
		95868CA329C852B9001F8629 /* Array+repeating.swift */ = {isa = PBXFileReference; fileEncoding = 4; lastKnownFileType = sourcecode.swift; path = "Array+repeating.swift"; sourceTree = "<group>"; };
		95868CA429C852B9001F8629 /* LoadingState.swift */ = {isa = PBXFileReference; fileEncoding = 4; lastKnownFileType = sourcecode.swift; path = LoadingState.swift; sourceTree = "<group>"; };
		95868CA529C852B9001F8629 /* Error+Extension.swift */ = {isa = PBXFileReference; fileEncoding = 4; lastKnownFileType = sourcecode.swift; path = "Error+Extension.swift"; sourceTree = "<group>"; };
		95868CA629C852B9001F8629 /* Color.swift */ = {isa = PBXFileReference; fileEncoding = 4; lastKnownFileType = sourcecode.swift; path = Color.swift; sourceTree = "<group>"; };
		95868CAB29C85377001F8629 /* Puddles */ = {isa = PBXFileReference; lastKnownFileType = wrapper; name = Puddles; path = ../Puddles; sourceTree = "<group>"; };
		95868CAC29C8557D001F8629 /* EditScrumView.swift */ = {isa = PBXFileReference; lastKnownFileType = sourcecode.swift; path = EditScrumView.swift; sourceTree = "<group>"; };
		95868CAF29C857A9001F8629 /* Assets.swift */ = {isa = PBXFileReference; fileEncoding = 4; lastKnownFileType = sourcecode.swift; path = Assets.swift; sourceTree = "<group>"; };
		95868CB429C85C1D001F8629 /* Theme.swift */ = {isa = PBXFileReference; lastKnownFileType = sourcecode.swift; path = Theme.swift; sourceTree = "<group>"; };
		95868CB829C85FE7001F8629 /* ScrumListView.swift */ = {isa = PBXFileReference; lastKnownFileType = sourcecode.swift; path = ScrumListView.swift; sourceTree = "<group>"; };
		95868CBB29C8609B001F8629 /* ACKNOWLEDGMENTS.txt */ = {isa = PBXFileReference; fileEncoding = 4; lastKnownFileType = text; path = ACKNOWLEDGMENTS.txt; sourceTree = "<group>"; };
		95868CBC29C8609B001F8629 /* LICENSE.txt */ = {isa = PBXFileReference; fileEncoding = 4; lastKnownFileType = text; path = LICENSE.txt; sourceTree = "<group>"; };
		95868CBF29C860B0001F8629 /* DailyScrum.swift */ = {isa = PBXFileReference; lastKnownFileType = sourcecode.swift; path = DailyScrum.swift; sourceTree = "<group>"; };
		95868CC129C86118001F8629 /* History.swift */ = {isa = PBXFileReference; lastKnownFileType = sourcecode.swift; path = History.swift; sourceTree = "<group>"; };
		95868CC429C8636D001F8629 /* CardView.swift */ = {isa = PBXFileReference; lastKnownFileType = sourcecode.swift; path = CardView.swift; sourceTree = "<group>"; };
		95868CC629C863A5001F8629 /* TrailingIconLabelStyle.swift */ = {isa = PBXFileReference; lastKnownFileType = sourcecode.swift; path = TrailingIconLabelStyle.swift; sourceTree = "<group>"; };
		95C154AF29C8688300224B4B /* ScrumDetailView.swift */ = {isa = PBXFileReference; lastKnownFileType = sourcecode.swift; path = ScrumDetailView.swift; sourceTree = "<group>"; };
		95C154B129C86A4700224B4B /* DisclosureItem.swift */ = {isa = PBXFileReference; lastKnownFileType = sourcecode.swift; path = DisclosureItem.swift; sourceTree = "<group>"; };
		95C154B329C86B6A00224B4B /* HistoryDetailView.swift */ = {isa = PBXFileReference; lastKnownFileType = sourcecode.swift; path = HistoryDetailView.swift; sourceTree = "<group>"; };
		95C154B629C86C7300224B4B /* Assets.xcassets */ = {isa = PBXFileReference; lastKnownFileType = folder.assetcatalog; path = Assets.xcassets; sourceTree = "<group>"; };
		95C154B829C87BAB00224B4B /* MeetingView.swift */ = {isa = PBXFileReference; lastKnownFileType = sourcecode.swift; path = MeetingView.swift; sourceTree = "<group>"; };
		95C154BA29C87D7900224B4B /* MeetingHeaderView.swift */ = {isa = PBXFileReference; fileEncoding = 4; lastKnownFileType = sourcecode.swift; path = MeetingHeaderView.swift; sourceTree = "<group>"; };
		95C154BB29C87D7900224B4B /* MeetingFooterView.swift */ = {isa = PBXFileReference; fileEncoding = 4; lastKnownFileType = sourcecode.swift; path = MeetingFooterView.swift; sourceTree = "<group>"; };
		95C154BC29C87D7900224B4B /* MeetingTimerView.swift */ = {isa = PBXFileReference; fileEncoding = 4; lastKnownFileType = sourcecode.swift; path = MeetingTimerView.swift; sourceTree = "<group>"; };
		95C154C029C87DA600224B4B /* ScrumProgressViewStyle.swift */ = {isa = PBXFileReference; fileEncoding = 4; lastKnownFileType = sourcecode.swift; path = ScrumProgressViewStyle.swift; sourceTree = "<group>"; };
		95C154C429C87DFF00224B4B /* SpeakerArc.swift */ = {isa = PBXFileReference; lastKnownFileType = sourcecode.swift; path = SpeakerArc.swift; sourceTree = "<group>"; };
		95C154C829C8875200224B4B /* Meeting.swift */ = {isa = PBXFileReference; lastKnownFileType = sourcecode.swift; path = Meeting.swift; sourceTree = "<group>"; };
/* End PBXFileReference section */

/* Begin PBXFrameworksBuildPhase section */
		95868C6E29C851C6001F8629 /* Frameworks */ = {
			isa = PBXFrameworksBuildPhase;
			buildActionMask = 2147483647;
			files = (
				95868C8C29C851FB001F8629 /* Fakery in Frameworks */,
				95868C8929C851F2001F8629 /* IdentifiedCollections in Frameworks */,
				95868C8629C851E8001F8629 /* Puddles in Frameworks */,
				95868C8429C851E8001F8629 /* PreviewDebugTools in Frameworks */,
			);
			runOnlyForDeploymentPostprocessing = 0;
		};
/* End PBXFrameworksBuildPhase section */

/* Begin PBXGroup section */
		952B2B2A29CB7ED4004A73F7 /* Services */ = {
			isa = PBXGroup;
			children = (
				952B2B2B29CB7EDF004A73F7 /* ScrumService.swift */,
				952B2B2D29CB7EE8004A73F7 /* InMemoryScrumService.swift */,
				952B2B2F29CB7EEE004A73F7 /* OnDiskScrumService.swift */,
			);
			path = Services;
			sourceTree = "<group>";
		};
		955E512D29CAE84F00202BBA /* Managers */ = {
			isa = PBXGroup;
			children = (
				955E512E29CAE86B00202BBA /* ScrumStore.swift */,
				955E513429CB1D1400202BBA /* SpeechRecognizer.swift */,
			);
			path = Managers;
			sourceTree = "<group>";
		};
		95868C6829C851C6001F8629 = {
			isa = PBXGroup;
			children = (
				95868CAB29C85377001F8629 /* Puddles */,
				95868C7329C851C6001F8629 /* Scrumdinger */,
				95868C9129C85241001F8629 /* Resources */,
				95868C9229C85247001F8629 /* Generated */,
				95868CBA29C8609B001F8629 /* LICENSE */,
				95868C7229C851C6001F8629 /* Products */,
			);
			sourceTree = "<group>";
		};
		95868C7229C851C6001F8629 /* Products */ = {
			isa = PBXGroup;
			children = (
				95868C7129C851C6001F8629 /* Scrumdinger.app */,
			);
			name = Products;
			sourceTree = "<group>";
		};
		95868C7329C851C6001F8629 /* Scrumdinger */ = {
			isa = PBXGroup;
			children = (
				95868C7429C851C6001F8629 /* ScrumdingerApp.swift */,
				95868CB329C85C18001F8629 /* Models */,
				952B2B2A29CB7ED4004A73F7 /* Services */,
				955E512D29CAE84F00202BBA /* Managers */,
				95868C8F29C85217001F8629 /* Navigators */,
				95868C8E29C85213001F8629 /* Providers */,
				95868C9029C8521B001F8629 /* Views */,
				95868C8D29C8520C001F8629 /* Helpers */,
				95868C7A29C851C7001F8629 /* Preview Content */,
			);
			path = Scrumdinger;
			sourceTree = "<group>";
		};
		95868C7A29C851C7001F8629 /* Preview Content */ = {
			isa = PBXGroup;
			children = (
				95868C7B29C851C7001F8629 /* Preview Assets.xcassets */,
			);
			path = "Preview Content";
			sourceTree = "<group>";
		};
		95868C8D29C8520C001F8629 /* Helpers */ = {
			isa = PBXGroup;
			children = (
				95868CA129C852A4001F8629 /* Faker.swift */,
				95868CA329C852B9001F8629 /* Array+repeating.swift */,
				95868CA629C852B9001F8629 /* Color.swift */,
				95868CA529C852B9001F8629 /* Error+Extension.swift */,
				95868CA429C852B9001F8629 /* LoadingState.swift */,
				95602F1429C8DDC0008EB800 /* DailyScrum+Speaker.swift */,
				955E513029CB1B1200202BBA /* AVPlayer+Ding.swift */,
			);
			path = Helpers;
			sourceTree = "<group>";
		};
		95868C8E29C85213001F8629 /* Providers */ = {
			isa = PBXGroup;
			children = (
				95C154C729C8874800224B4B /* Data Providers */,
				95C154C629C8874400224B4B /* View Providers */,
			);
			path = Providers;
			sourceTree = "<group>";
		};
		95868C8F29C85217001F8629 /* Navigators */ = {
			isa = PBXGroup;
			children = (
				95602F1629C8DDDC008EB800 /* Root.swift */,
			);
			path = Navigators;
			sourceTree = "<group>";
		};
		95868C9029C8521B001F8629 /* Views */ = {
			isa = PBXGroup;
			children = (
				95868CC329C86339001F8629 /* Shared Component */,
				95868CAC29C8557D001F8629 /* EditScrumView.swift */,
				95868CB829C85FE7001F8629 /* ScrumListView.swift */,
				95C154AF29C8688300224B4B /* ScrumDetailView.swift */,
				95C154B829C87BAB00224B4B /* MeetingView.swift */,
				95C154B329C86B6A00224B4B /* HistoryDetailView.swift */,
			);
			path = Views;
			sourceTree = "<group>";
		};
		95868C9129C85241001F8629 /* Resources */ = {
			isa = PBXGroup;
			children = (
				955E513229CB1B1E00202BBA /* ding.wav */,
				95868C9329C85268001F8629 /* Assets */,
				95868C9729C85268001F8629 /* Localizables */,
			);
			path = Resources;
			sourceTree = "<group>";
		};
		95868C9229C85247001F8629 /* Generated */ = {
			isa = PBXGroup;
			children = (
				95868CAF29C857A9001F8629 /* Assets.swift */,
				955E513629CB416700202BBA /* Strings.swift */,
			);
			path = Generated;
			sourceTree = "<group>";
		};
		95868C9329C85268001F8629 /* Assets */ = {
			isa = PBXGroup;
			children = (
				95868C9429C85268001F8629 /* swiftgen-assets.yml */,
				95868C9529C85268001F8629 /* swiftgen-assets-template.stencil */,
				95C154B629C86C7300224B4B /* Assets.xcassets */,
			);
			path = Assets;
			sourceTree = "<group>";
		};
		95868C9729C85268001F8629 /* Localizables */ = {
			isa = PBXGroup;
			children = (
				95868C9829C85268001F8629 /* swiftgen-localization.yml */,
				95868C9929C85268001F8629 /* Localizable.strings */,
				95868C9A29C85268001F8629 /* swiftgen-localization-template.stencil */,
			);
			path = Localizables;
			sourceTree = "<group>";
		};
		95868CB329C85C18001F8629 /* Models */ = {
			isa = PBXGroup;
			children = (
				95868CB429C85C1D001F8629 /* Theme.swift */,
				95868CBF29C860B0001F8629 /* DailyScrum.swift */,
				95868CC129C86118001F8629 /* History.swift */,
			);
			path = Models;
			sourceTree = "<group>";
		};
		95868CBA29C8609B001F8629 /* LICENSE */ = {
			isa = PBXGroup;
			children = (
				95868CBB29C8609B001F8629 /* ACKNOWLEDGMENTS.txt */,
				95868CBC29C8609B001F8629 /* LICENSE.txt */,
			);
			path = LICENSE;
			sourceTree = "<group>";
		};
		95868CC329C86339001F8629 /* Shared Component */ = {
			isa = PBXGroup;
			children = (
				95C154C029C87DA600224B4B /* ScrumProgressViewStyle.swift */,
				95C154BA29C87D7900224B4B /* MeetingHeaderView.swift */,
				95C154BC29C87D7900224B4B /* MeetingTimerView.swift */,
				95C154BB29C87D7900224B4B /* MeetingFooterView.swift */,
				95C154C429C87DFF00224B4B /* SpeakerArc.swift */,
				95868CC429C8636D001F8629 /* CardView.swift */,
				95868CC629C863A5001F8629 /* TrailingIconLabelStyle.swift */,
				95C154B129C86A4700224B4B /* DisclosureItem.swift */,
			);
			path = "Shared Component";
			sourceTree = "<group>";
		};
		95C154C629C8874400224B4B /* View Providers */ = {
			isa = PBXGroup;
			children = (
				95602F1029C8DB13008EB800 /* ScrumList.swift */,
				95602F1A29C8E240008EB800 /* EditScrum.swift */,
				95602F0E29C8DA42008EB800 /* ScrumDetail.swift */,
				95C154C829C8875200224B4B /* Meeting.swift */,
				95602F1829C8DF9B008EB800 /* HistoryDetail.swift */,
			);
			path = "View Providers";
			sourceTree = "<group>";
		};
		95C154C729C8874800224B4B /* Data Providers */ = {
			isa = PBXGroup;
			children = (
				95602F1229C8DC8C008EB800 /* ScrumList_All.swift */,
				952B2B2629CB5B58004A73F7 /* Meeting_SpeechRecording.swift */,
				952B2B2829CB7483004A73F7 /* ScrumDetail_Managed.swift */,
			);
			path = "Data Providers";
			sourceTree = "<group>";
		};
/* End PBXGroup section */

/* Begin PBXNativeTarget section */
		95868C7029C851C6001F8629 /* Scrumdinger */ = {
			isa = PBXNativeTarget;
			buildConfigurationList = 95868C7F29C851C7001F8629 /* Build configuration list for PBXNativeTarget "Scrumdinger" */;
			buildPhases = (
				95868CAE29C8576E001F8629 /* SwiftGen */,
				95868C6D29C851C6001F8629 /* Sources */,
				95868C6E29C851C6001F8629 /* Frameworks */,
				95868C6F29C851C6001F8629 /* Resources */,
			);
			buildRules = (
			);
			dependencies = (
			);
			name = Scrumdinger;
			packageProductDependencies = (
				95868C8329C851E8001F8629 /* PreviewDebugTools */,
				95868C8529C851E8001F8629 /* Puddles */,
				95868C8829C851F2001F8629 /* IdentifiedCollections */,
				95868C8B29C851FB001F8629 /* Fakery */,
			);
			productName = Scrumdinger;
			productReference = 95868C7129C851C6001F8629 /* Scrumdinger.app */;
			productType = "com.apple.product-type.application";
		};
/* End PBXNativeTarget section */

/* Begin PBXProject section */
		95868C6929C851C6001F8629 /* Project object */ = {
			isa = PBXProject;
			attributes = {
				BuildIndependentTargetsInParallel = 1;
				LastSwiftUpdateCheck = 1430;
				LastUpgradeCheck = 1430;
				TargetAttributes = {
					95868C7029C851C6001F8629 = {
						CreatedOnToolsVersion = 14.3;
					};
				};
			};
			buildConfigurationList = 95868C6C29C851C6001F8629 /* Build configuration list for PBXProject "Scrumdinger" */;
			compatibilityVersion = "Xcode 14.0";
			developmentRegion = en;
			hasScannedForEncodings = 0;
			knownRegions = (
				en,
				Base,
			);
			mainGroup = 95868C6829C851C6001F8629;
			packageReferences = (
				95868C8229C851E8001F8629 /* XCRemoteSwiftPackageReference "Puddles" */,
				95868C8729C851F2001F8629 /* XCRemoteSwiftPackageReference "swift-identified-collections" */,
				95868C8A29C851FB001F8629 /* XCRemoteSwiftPackageReference "Fakery" */,
			);
			productRefGroup = 95868C7229C851C6001F8629 /* Products */;
			projectDirPath = "";
			projectRoot = "";
			targets = (
				95868C7029C851C6001F8629 /* Scrumdinger */,
			);
		};
/* End PBXProject section */

/* Begin PBXResourcesBuildPhase section */
		95868C6F29C851C6001F8629 /* Resources */ = {
			isa = PBXResourcesBuildPhase;
			buildActionMask = 2147483647;
			files = (
				955E513329CB1B1E00202BBA /* ding.wav in Resources */,
				95868C9C29C85268001F8629 /* swiftgen-assets-template.stencil in Resources */,
				95868C7C29C851C7001F8629 /* Preview Assets.xcassets in Resources */,
				95868CBD29C8609B001F8629 /* ACKNOWLEDGMENTS.txt in Resources */,
				95868C9B29C85268001F8629 /* swiftgen-assets.yml in Resources */,
				95868C9F29C85268001F8629 /* Localizable.strings in Resources */,
				95868CA029C85268001F8629 /* swiftgen-localization-template.stencil in Resources */,
				95868C9E29C85268001F8629 /* swiftgen-localization.yml in Resources */,
				95C154B729C86C7300224B4B /* Assets.xcassets in Resources */,
				95868CBE29C8609B001F8629 /* LICENSE.txt in Resources */,
			);
			runOnlyForDeploymentPostprocessing = 0;
		};
/* End PBXResourcesBuildPhase section */

/* Begin PBXShellScriptBuildPhase section */
		95868CAE29C8576E001F8629 /* SwiftGen */ = {
			isa = PBXShellScriptBuildPhase;
			alwaysOutOfDate = 1;
			buildActionMask = 2147483647;
			files = (
			);
			inputFileListPaths = (
			);
			inputPaths = (
			);
			name = SwiftGen;
			outputFileListPaths = (
			);
			outputPaths = (
			);
			runOnlyForDeploymentPostprocessing = 0;
			shellPath = /bin/sh;
			shellScript = "if test -d \"/opt/homebrew/bin/\"; then\n  PATH=\"/opt/homebrew/bin/:${PATH}\"\nfi\n\nexport PATH\n\nif which swiftgen >/dev/null; then\n  swiftgen config run --config \"$SRCROOT/Resources/Localizables/swiftgen-localization.yml\"\n  swiftgen config run --config \"$SRCROOT/Resources/Assets/swiftgen-assets.yml\"\nelse\n  echo \"warning: SwiftGen not installed, download it from https://github.com/SwiftGen/SwiftGen\"\nfi\n";
		};
/* End PBXShellScriptBuildPhase section */

/* Begin PBXSourcesBuildPhase section */
		95868C6D29C851C6001F8629 /* Sources */ = {
			isa = PBXSourcesBuildPhase;
			buildActionMask = 2147483647;
			files = (
				955E513529CB1D1400202BBA /* SpeechRecognizer.swift in Sources */,
				95602F1129C8DB13008EB800 /* ScrumList.swift in Sources */,
				95868CA729C852B9001F8629 /* Array+repeating.swift in Sources */,
				95868CAD29C8557D001F8629 /* EditScrumView.swift in Sources */,
				95602F0F29C8DA42008EB800 /* ScrumDetail.swift in Sources */,
				95868CAA29C852B9001F8629 /* Color.swift in Sources */,
				952B2B2929CB7483004A73F7 /* ScrumDetail_Managed.swift in Sources */,
				955E513129CB1B1200202BBA /* AVPlayer+Ding.swift in Sources */,
				952B2B2E29CB7EE8004A73F7 /* InMemoryScrumService.swift in Sources */,
				95C154B229C86A4700224B4B /* DisclosureItem.swift in Sources */,
				95868CB529C85C1D001F8629 /* Theme.swift in Sources */,
				95868CA829C852B9001F8629 /* LoadingState.swift in Sources */,
				955E513729CB416700202BBA /* Strings.swift in Sources */,
				95C154BF29C87D7900224B4B /* MeetingTimerView.swift in Sources */,
				95C154B429C86B6A00224B4B /* HistoryDetailView.swift in Sources */,
				95602F1329C8DC8C008EB800 /* ScrumList_All.swift in Sources */,
				95868CC529C8636D001F8629 /* CardView.swift in Sources */,
				95868CC029C860B0001F8629 /* DailyScrum.swift in Sources */,
				95C154C129C87DA600224B4B /* ScrumProgressViewStyle.swift in Sources */,
				95C154B029C8688300224B4B /* ScrumDetailView.swift in Sources */,
				95868CC229C86118001F8629 /* History.swift in Sources */,
				95C154C929C8875200224B4B /* Meeting.swift in Sources */,
				952B2B3029CB7EEE004A73F7 /* OnDiskScrumService.swift in Sources */,
				95868C7529C851C6001F8629 /* ScrumdingerApp.swift in Sources */,
				955E512F29CAE86B00202BBA /* ScrumStore.swift in Sources */,
				95C154B929C87BAB00224B4B /* MeetingView.swift in Sources */,
				95602F1529C8DDC0008EB800 /* DailyScrum+Speaker.swift in Sources */,
				95C154C529C87DFF00224B4B /* SpeakerArc.swift in Sources */,
				952B2B2C29CB7EDF004A73F7 /* ScrumService.swift in Sources */,
				95868CC729C863A5001F8629 /* TrailingIconLabelStyle.swift in Sources */,
				95602F1929C8DF9B008EB800 /* HistoryDetail.swift in Sources */,
				95868CA929C852B9001F8629 /* Error+Extension.swift in Sources */,
				95868CA229C852A4001F8629 /* Faker.swift in Sources */,
				95602F1B29C8E240008EB800 /* EditScrum.swift in Sources */,
				95C154BE29C87D7900224B4B /* MeetingFooterView.swift in Sources */,
				95868CB929C85FE7001F8629 /* ScrumListView.swift in Sources */,
				95868CB129C857A9001F8629 /* Assets.swift in Sources */,
				952B2B2729CB5B58004A73F7 /* Meeting_SpeechRecording.swift in Sources */,
				95C154BD29C87D7900224B4B /* MeetingHeaderView.swift in Sources */,
				95602F1729C8DDDC008EB800 /* Root.swift in Sources */,
			);
			runOnlyForDeploymentPostprocessing = 0;
		};
/* End PBXSourcesBuildPhase section */

/* Begin XCBuildConfiguration section */
		95868C7D29C851C7001F8629 /* Debug */ = {
			isa = XCBuildConfiguration;
			buildSettings = {
				ALWAYS_SEARCH_USER_PATHS = NO;
				CLANG_ANALYZER_NONNULL = YES;
				CLANG_ANALYZER_NUMBER_OBJECT_CONVERSION = YES_AGGRESSIVE;
				CLANG_CXX_LANGUAGE_STANDARD = "gnu++20";
				CLANG_ENABLE_MODULES = YES;
				CLANG_ENABLE_OBJC_ARC = YES;
				CLANG_ENABLE_OBJC_WEAK = YES;
				CLANG_WARN_BLOCK_CAPTURE_AUTORELEASING = YES;
				CLANG_WARN_BOOL_CONVERSION = YES;
				CLANG_WARN_COMMA = YES;
				CLANG_WARN_CONSTANT_CONVERSION = YES;
				CLANG_WARN_DEPRECATED_OBJC_IMPLEMENTATIONS = YES;
				CLANG_WARN_DIRECT_OBJC_ISA_USAGE = YES_ERROR;
				CLANG_WARN_DOCUMENTATION_COMMENTS = YES;
				CLANG_WARN_EMPTY_BODY = YES;
				CLANG_WARN_ENUM_CONVERSION = YES;
				CLANG_WARN_INFINITE_RECURSION = YES;
				CLANG_WARN_INT_CONVERSION = YES;
				CLANG_WARN_NON_LITERAL_NULL_CONVERSION = YES;
				CLANG_WARN_OBJC_IMPLICIT_RETAIN_SELF = YES;
				CLANG_WARN_OBJC_LITERAL_CONVERSION = YES;
				CLANG_WARN_OBJC_ROOT_CLASS = YES_ERROR;
				CLANG_WARN_QUOTED_INCLUDE_IN_FRAMEWORK_HEADER = YES;
				CLANG_WARN_RANGE_LOOP_ANALYSIS = YES;
				CLANG_WARN_STRICT_PROTOTYPES = YES;
				CLANG_WARN_SUSPICIOUS_MOVE = YES;
				CLANG_WARN_UNGUARDED_AVAILABILITY = YES_AGGRESSIVE;
				CLANG_WARN_UNREACHABLE_CODE = YES;
				CLANG_WARN__DUPLICATE_METHOD_MATCH = YES;
				COPY_PHASE_STRIP = NO;
				DEBUG_INFORMATION_FORMAT = dwarf;
				ENABLE_STRICT_OBJC_MSGSEND = YES;
				ENABLE_TESTABILITY = YES;
				GCC_C_LANGUAGE_STANDARD = gnu11;
				GCC_DYNAMIC_NO_PIC = NO;
				GCC_NO_COMMON_BLOCKS = YES;
				GCC_OPTIMIZATION_LEVEL = 0;
				GCC_PREPROCESSOR_DEFINITIONS = (
					"DEBUG=1",
					"$(inherited)",
				);
				GCC_WARN_64_TO_32_BIT_CONVERSION = YES;
				GCC_WARN_ABOUT_RETURN_TYPE = YES_ERROR;
				GCC_WARN_UNDECLARED_SELECTOR = YES;
				GCC_WARN_UNINITIALIZED_AUTOS = YES_AGGRESSIVE;
				GCC_WARN_UNUSED_FUNCTION = YES;
				GCC_WARN_UNUSED_VARIABLE = YES;
				IPHONEOS_DEPLOYMENT_TARGET = 16.4;
				MTL_ENABLE_DEBUG_INFO = INCLUDE_SOURCE;
				MTL_FAST_MATH = YES;
				ONLY_ACTIVE_ARCH = YES;
				SDKROOT = iphoneos;
				SWIFT_ACTIVE_COMPILATION_CONDITIONS = DEBUG;
				SWIFT_OPTIMIZATION_LEVEL = "-Onone";
			};
			name = Debug;
		};
		95868C7E29C851C7001F8629 /* Release */ = {
			isa = XCBuildConfiguration;
			buildSettings = {
				ALWAYS_SEARCH_USER_PATHS = NO;
				CLANG_ANALYZER_NONNULL = YES;
				CLANG_ANALYZER_NUMBER_OBJECT_CONVERSION = YES_AGGRESSIVE;
				CLANG_CXX_LANGUAGE_STANDARD = "gnu++20";
				CLANG_ENABLE_MODULES = YES;
				CLANG_ENABLE_OBJC_ARC = YES;
				CLANG_ENABLE_OBJC_WEAK = YES;
				CLANG_WARN_BLOCK_CAPTURE_AUTORELEASING = YES;
				CLANG_WARN_BOOL_CONVERSION = YES;
				CLANG_WARN_COMMA = YES;
				CLANG_WARN_CONSTANT_CONVERSION = YES;
				CLANG_WARN_DEPRECATED_OBJC_IMPLEMENTATIONS = YES;
				CLANG_WARN_DIRECT_OBJC_ISA_USAGE = YES_ERROR;
				CLANG_WARN_DOCUMENTATION_COMMENTS = YES;
				CLANG_WARN_EMPTY_BODY = YES;
				CLANG_WARN_ENUM_CONVERSION = YES;
				CLANG_WARN_INFINITE_RECURSION = YES;
				CLANG_WARN_INT_CONVERSION = YES;
				CLANG_WARN_NON_LITERAL_NULL_CONVERSION = YES;
				CLANG_WARN_OBJC_IMPLICIT_RETAIN_SELF = YES;
				CLANG_WARN_OBJC_LITERAL_CONVERSION = YES;
				CLANG_WARN_OBJC_ROOT_CLASS = YES_ERROR;
				CLANG_WARN_QUOTED_INCLUDE_IN_FRAMEWORK_HEADER = YES;
				CLANG_WARN_RANGE_LOOP_ANALYSIS = YES;
				CLANG_WARN_STRICT_PROTOTYPES = YES;
				CLANG_WARN_SUSPICIOUS_MOVE = YES;
				CLANG_WARN_UNGUARDED_AVAILABILITY = YES_AGGRESSIVE;
				CLANG_WARN_UNREACHABLE_CODE = YES;
				CLANG_WARN__DUPLICATE_METHOD_MATCH = YES;
				COPY_PHASE_STRIP = NO;
				DEBUG_INFORMATION_FORMAT = "dwarf-with-dsym";
				ENABLE_NS_ASSERTIONS = NO;
				ENABLE_STRICT_OBJC_MSGSEND = YES;
				GCC_C_LANGUAGE_STANDARD = gnu11;
				GCC_NO_COMMON_BLOCKS = YES;
				GCC_WARN_64_TO_32_BIT_CONVERSION = YES;
				GCC_WARN_ABOUT_RETURN_TYPE = YES_ERROR;
				GCC_WARN_UNDECLARED_SELECTOR = YES;
				GCC_WARN_UNINITIALIZED_AUTOS = YES_AGGRESSIVE;
				GCC_WARN_UNUSED_FUNCTION = YES;
				GCC_WARN_UNUSED_VARIABLE = YES;
				IPHONEOS_DEPLOYMENT_TARGET = 16.4;
				MTL_ENABLE_DEBUG_INFO = NO;
				MTL_FAST_MATH = YES;
				SDKROOT = iphoneos;
				SWIFT_COMPILATION_MODE = wholemodule;
				SWIFT_OPTIMIZATION_LEVEL = "-O";
				VALIDATE_PRODUCT = YES;
			};
			name = Release;
		};
		95868C8029C851C7001F8629 /* Debug */ = {
			isa = XCBuildConfiguration;
			buildSettings = {
				ASSETCATALOG_COMPILER_APPICON_NAME = AppIcon;
				ASSETCATALOG_COMPILER_GLOBAL_ACCENT_COLOR_NAME = AccentColor;
				CODE_SIGN_STYLE = Automatic;
				CURRENT_PROJECT_VERSION = 1;
				DEVELOPMENT_ASSET_PATHS = "\"Scrumdinger/Preview Content\"";
				DEVELOPMENT_TEAM = 7F6BJZY5B3;
				ENABLE_PREVIEWS = YES;
				GENERATE_INFOPLIST_FILE = YES;
				INFOPLIST_KEY_NSMicrophoneUsageDescription = "Audio is recorded to transcribe the meeting. Audio recordings are discarded after transcription.";
				INFOPLIST_KEY_NSSpeechRecognitionUsageDescription = "You can view a text transcription of your meeting in the app.";
				INFOPLIST_KEY_UIApplicationSceneManifest_Generation = YES;
				INFOPLIST_KEY_UIApplicationSupportsIndirectInputEvents = YES;
				INFOPLIST_KEY_UILaunchScreen_Generation = YES;
				INFOPLIST_KEY_UISupportedInterfaceOrientations_iPad = "UIInterfaceOrientationPortrait UIInterfaceOrientationPortraitUpsideDown UIInterfaceOrientationLandscapeLeft UIInterfaceOrientationLandscapeRight";
				INFOPLIST_KEY_UISupportedInterfaceOrientations_iPhone = "UIInterfaceOrientationPortrait UIInterfaceOrientationLandscapeLeft UIInterfaceOrientationLandscapeRight";
				LD_RUNPATH_SEARCH_PATHS = (
					"$(inherited)",
					"@executable_path/Frameworks",
				);
				MARKETING_VERSION = 1.0;
				PRODUCT_BUNDLE_IDENTIFIER = com.swiftedMind.Scrumdinger;
				PRODUCT_NAME = "$(TARGET_NAME)";
				SWIFT_EMIT_LOC_STRINGS = YES;
				SWIFT_STRICT_CONCURRENCY = complete;
				SWIFT_VERSION = 5.0;
				TARGETED_DEVICE_FAMILY = "1,2";
			};
			name = Debug;
		};
		95868C8129C851C7001F8629 /* Release */ = {
			isa = XCBuildConfiguration;
			buildSettings = {
				ASSETCATALOG_COMPILER_APPICON_NAME = AppIcon;
				ASSETCATALOG_COMPILER_GLOBAL_ACCENT_COLOR_NAME = AccentColor;
				CODE_SIGN_STYLE = Automatic;
				CURRENT_PROJECT_VERSION = 1;
				DEVELOPMENT_ASSET_PATHS = "\"Scrumdinger/Preview Content\"";
				DEVELOPMENT_TEAM = 7F6BJZY5B3;
				ENABLE_PREVIEWS = YES;
				GENERATE_INFOPLIST_FILE = YES;
				INFOPLIST_KEY_NSMicrophoneUsageDescription = "Audio is recorded to transcribe the meeting. Audio recordings are discarded after transcription.";
				INFOPLIST_KEY_NSSpeechRecognitionUsageDescription = "You can view a text transcription of your meeting in the app.";
				INFOPLIST_KEY_UIApplicationSceneManifest_Generation = YES;
				INFOPLIST_KEY_UIApplicationSupportsIndirectInputEvents = YES;
				INFOPLIST_KEY_UILaunchScreen_Generation = YES;
				INFOPLIST_KEY_UISupportedInterfaceOrientations_iPad = "UIInterfaceOrientationPortrait UIInterfaceOrientationPortraitUpsideDown UIInterfaceOrientationLandscapeLeft UIInterfaceOrientationLandscapeRight";
				INFOPLIST_KEY_UISupportedInterfaceOrientations_iPhone = "UIInterfaceOrientationPortrait UIInterfaceOrientationLandscapeLeft UIInterfaceOrientationLandscapeRight";
				LD_RUNPATH_SEARCH_PATHS = (
					"$(inherited)",
					"@executable_path/Frameworks",
				);
				MARKETING_VERSION = 1.0;
				PRODUCT_BUNDLE_IDENTIFIER = com.swiftedMind.Scrumdinger;
				PRODUCT_NAME = "$(TARGET_NAME)";
				SWIFT_EMIT_LOC_STRINGS = YES;
				SWIFT_STRICT_CONCURRENCY = complete;
				SWIFT_VERSION = 5.0;
				TARGETED_DEVICE_FAMILY = "1,2";
			};
			name = Release;
		};
/* End XCBuildConfiguration section */

/* Begin XCConfigurationList section */
		95868C6C29C851C6001F8629 /* Build configuration list for PBXProject "Scrumdinger" */ = {
			isa = XCConfigurationList;
			buildConfigurations = (
				95868C7D29C851C7001F8629 /* Debug */,
				95868C7E29C851C7001F8629 /* Release */,
			);
			defaultConfigurationIsVisible = 0;
			defaultConfigurationName = Release;
		};
		95868C7F29C851C7001F8629 /* Build configuration list for PBXNativeTarget "Scrumdinger" */ = {
			isa = XCConfigurationList;
			buildConfigurations = (
				95868C8029C851C7001F8629 /* Debug */,
				95868C8129C851C7001F8629 /* Release */,
			);
			defaultConfigurationIsVisible = 0;
			defaultConfigurationName = Release;
		};
/* End XCConfigurationList section */

/* Begin XCRemoteSwiftPackageReference section */
		95868C8229C851E8001F8629 /* XCRemoteSwiftPackageReference "Puddles" */ = {
			isa = XCRemoteSwiftPackageReference;
			repositoryURL = "https://github.com/HavingThought/Puddles";
			requirement = {
				branch = develop;
				kind = branch;
			};
		};
		95868C8729C851F2001F8629 /* XCRemoteSwiftPackageReference "swift-identified-collections" */ = {
			isa = XCRemoteSwiftPackageReference;
			repositoryURL = "https://github.com/pointfreeco/swift-identified-collections";
			requirement = {
				kind = upToNextMajorVersion;
				minimumVersion = 0.7.0;
			};
		};
		95868C8A29C851FB001F8629 /* XCRemoteSwiftPackageReference "Fakery" */ = {
			isa = XCRemoteSwiftPackageReference;
			repositoryURL = "https://github.com/vadymmarkov/Fakery";
			requirement = {
				kind = upToNextMajorVersion;
				minimumVersion = 5.0.0;
			};
		};
/* End XCRemoteSwiftPackageReference section */

/* Begin XCSwiftPackageProductDependency section */
		95868C8329C851E8001F8629 /* PreviewDebugTools */ = {
			isa = XCSwiftPackageProductDependency;
			package = 95868C8229C851E8001F8629 /* XCRemoteSwiftPackageReference "Puddles" */;
			productName = PreviewDebugTools;
		};
		95868C8529C851E8001F8629 /* Puddles */ = {
			isa = XCSwiftPackageProductDependency;
			package = 95868C8229C851E8001F8629 /* XCRemoteSwiftPackageReference "Puddles" */;
			productName = Puddles;
		};
		95868C8829C851F2001F8629 /* IdentifiedCollections */ = {
			isa = XCSwiftPackageProductDependency;
			package = 95868C8729C851F2001F8629 /* XCRemoteSwiftPackageReference "swift-identified-collections" */;
			productName = IdentifiedCollections;
		};
		95868C8B29C851FB001F8629 /* Fakery */ = {
			isa = XCSwiftPackageProductDependency;
			package = 95868C8A29C851FB001F8629 /* XCRemoteSwiftPackageReference "Fakery" */;
			productName = Fakery;
		};
/* End XCSwiftPackageProductDependency section */
	};
	rootObject = 95868C6929C851C6001F8629 /* Project object */;
}
